
Microsoft Visual Studio Solution File, Format Version 12.00
# Visual Studio Version 17
VisualStudioVersion = 17.1.32407.343
MinimumVisualStudioVersion = 10.0.40219.1
Project("{8BC9CEB8-8B4A-11D0-8D11-00A0C91BC942}") = "Scoping", "Scoping\Scoping.vcxproj", "{3D97CB12-D3BD-4AA5-A0EE-9FDA28C93679}"
EndProject
Global
	GlobalSection(SolutionConfigurationPlatforms) = preSolution
		Debug|x64 = Debug|x64
		Debug|x86 = Debug|x86
		Release|x64 = Release|x64
		Release|x86 = Release|x86
	EndGlobalSection
	GlobalSection(ProjectConfigurationPlatforms) = postSolution
		{3D97CB12-D3BD-4AA5-A0EE-9FDA28C93679}.Debug|x64.ActiveCfg = Debug|x64
		{3D97CB12-D3BD-4AA5-A0EE-9FDA28C93679}.Debug|x64.Build.0 = Debug|x64
		{3D97CB12-D3BD-4AA5-A0EE-9FDA28C93679}.Debug|x86.ActiveCfg = Debug|Win32
		{3D97CB12-D3BD-4AA5-A0EE-9FDA28C93679}.Debug|x86.Build.0 = Debug|Win32
		{3D97CB12-D3BD-4AA5-A0EE-9FDA28C93679}.Release|x64.ActiveCfg = Release|x64
		{3D97CB12-D3BD-4AA5-A0EE-9FDA28C93679}.Release|x64.Build.0 = Release|x64
		{3D97CB12-D3BD-4AA5-A0EE-9FDA28C93679}.Release|x86.ActiveCfg = Release|Win32
		{3D97CB12-D3BD-4AA5-A0EE-9FDA28C93679}.Release|x86.Build.0 = Release|Win32
	EndGlobalSection
	GlobalSection(SolutionProperties) = preSolution
		HideSolutionNode = FALSE
	EndGlobalSection
	GlobalSection(ExtensibilityGlobals) = postSolution
		SolutionGuid = {ACB1E497-B887-41C9-B260-5361D997B5BB}
	EndGlobalSection
EndGlobal
